// !$*UTF8*$!
{
	archiveVersion = 1;
	classes = {
	};
	objectVersion = 46;
	objects = {

/* Begin PBXBuildFile section */
		4565F64C1DDF3EAD00D3AEAF /* TestAll.swift in Sources */ = {isa = PBXBuildFile; fileRef = 4565F64B1DDF3EAD00D3AEAF /* TestAll.swift */; };
		4565F64D1DDF3EAD00D3AEAF /* TestAll.swift in Sources */ = {isa = PBXBuildFile; fileRef = 4565F64B1DDF3EAD00D3AEAF /* TestAll.swift */; };
		FB0670181FCFBBCD002A10A0 /* EonilJSON_iOS.m in Sources */ = {isa = PBXBuildFile; fileRef = FB0670171FCFBBCD002A10A0 /* EonilJSON_iOS.m */; };
		FB0670191FCFBBCD002A10A0 /* EonilJSON_iOS.h in CopyFiles */ = {isa = PBXBuildFile; fileRef = FB0670161FCFBBCD002A10A0 /* EonilJSON_iOS.h */; };
		FB0670251FCFBBD9002A10A0 /* EonilJSON_macOS.h in Headers */ = {isa = PBXBuildFile; fileRef = FB0670241FCFBBD9002A10A0 /* EonilJSON_macOS.h */; };
		FB0670271FCFBBD9002A10A0 /* EonilJSON_macOS.m in Sources */ = {isa = PBXBuildFile; fileRef = FB0670261FCFBBD9002A10A0 /* EonilJSON_macOS.m */; };
		FB06702C1FCFBBE1002A10A0 /* JSON.swift in Sources */ = {isa = PBXBuildFile; fileRef = 451C945F1D044AD200C5F640 /* JSON.swift */; };
		FB06702D1FCFBBE1002A10A0 /* JSONValue.swift in Sources */ = {isa = PBXBuildFile; fileRef = 451C94621D044AD200C5F640 /* JSONValue.swift */; };
		FB06702E1FCFBBE1002A10A0 /* JSONOperators.swift in Sources */ = {isa = PBXBuildFile; fileRef = 451C94611D044AD200C5F640 /* JSONOperators.swift */; };
		FB06702F1FCFBBE1002A10A0 /* JSONError.swift in Sources */ = {isa = PBXBuildFile; fileRef = 451C94601D044AD200C5F640 /* JSONError.swift */; };
		FB0670301FCFBBE1002A10A0 /* JSON.swift in Sources */ = {isa = PBXBuildFile; fileRef = 451C945F1D044AD200C5F640 /* JSON.swift */; };
		FB0670311FCFBBE1002A10A0 /* JSONValue.swift in Sources */ = {isa = PBXBuildFile; fileRef = 451C94621D044AD200C5F640 /* JSONValue.swift */; };
		FB0670321FCFBBE1002A10A0 /* JSONOperators.swift in Sources */ = {isa = PBXBuildFile; fileRef = 451C94611D044AD200C5F640 /* JSONOperators.swift */; };
		FB0670331FCFBBE1002A10A0 /* JSONError.swift in Sources */ = {isa = PBXBuildFile; fileRef = 451C94601D044AD200C5F640 /* JSONError.swift */; };
		FB0670351FCFBC13002A10A0 /* libEonilJSON.a in Frameworks */ = {isa = PBXBuildFile; fileRef = FB0670141FCFBBCC002A10A0 /* libEonilJSON.a */; };
		FB0670361FCFBC16002A10A0 /* libEonilJSON.a in Frameworks */ = {isa = PBXBuildFile; fileRef = FB0670221FCFBBD9002A10A0 /* libEonilJSON.a */; };
/* End PBXBuildFile section */

/* Begin PBXCopyFilesBuildPhase section */
		FB0670121FCFBBCC002A10A0 /* CopyFiles */ = {
			isa = PBXCopyFilesBuildPhase;
			buildActionMask = 2147483647;
			dstPath = "include/$(PRODUCT_NAME)";
			dstSubfolderSpec = 16;
			files = (
				FB0670191FCFBBCD002A10A0 /* EonilJSON_iOS.h in CopyFiles */,
			);
			runOnlyForDeploymentPostprocessing = 0;
		};
/* End PBXCopyFilesBuildPhase section */

/* Begin PBXFileReference section */
		4517CF7F1E2B968800C43464 /* EonilJSON.h */ = {isa = PBXFileReference; fileEncoding = 4; lastKnownFileType = sourcecode.c.h; path = EonilJSON.h; sourceTree = "<group>"; };
		451C945F1D044AD200C5F640 /* JSON.swift */ = {isa = PBXFileReference; fileEncoding = 4; lastKnownFileType = sourcecode.swift; path = JSON.swift; sourceTree = "<group>"; };
		451C94601D044AD200C5F640 /* JSONError.swift */ = {isa = PBXFileReference; fileEncoding = 4; lastKnownFileType = sourcecode.swift; path = JSONError.swift; sourceTree = "<group>"; };
		451C94611D044AD200C5F640 /* JSONOperators.swift */ = {isa = PBXFileReference; fileEncoding = 4; lastKnownFileType = sourcecode.swift; path = JSONOperators.swift; sourceTree = "<group>"; };
		451C94621D044AD200C5F640 /* JSONValue.swift */ = {isa = PBXFileReference; fileEncoding = 4; lastKnownFileType = sourcecode.swift; path = JSONValue.swift; sourceTree = "<group>"; };
		451C946D1D0451D800C5F640 /* EonilJSON-iOS-Tests.xctest */ = {isa = PBXFileReference; explicitFileType = wrapper.cfbundle; includeInIndex = 0; path = "EonilJSON-iOS-Tests.xctest"; sourceTree = BUILT_PRODUCTS_DIR; };
		451C94711D0451D800C5F640 /* Info.plist */ = {isa = PBXFileReference; lastKnownFileType = text.plist.xml; path = Info.plist; sourceTree = "<group>"; };
		451C94781D04555200C5F640 /* README.md */ = {isa = PBXFileReference; fileEncoding = 4; lastKnownFileType = net.daringfireball.markdown; path = README.md; sourceTree = "<group>"; };
		451C94901D04595400C5F640 /* EonilJSON-OSX-Tests.xctest */ = {isa = PBXFileReference; explicitFileType = wrapper.cfbundle; includeInIndex = 0; path = "EonilJSON-OSX-Tests.xctest"; sourceTree = BUILT_PRODUCTS_DIR; };
		4565F64B1DDF3EAD00D3AEAF /* TestAll.swift */ = {isa = PBXFileReference; fileEncoding = 4; lastKnownFileType = sourcecode.swift; path = TestAll.swift; sourceTree = "<group>"; };
		FB0670141FCFBBCC002A10A0 /* libEonilJSON.a */ = {isa = PBXFileReference; explicitFileType = archive.ar; includeInIndex = 0; path = libEonilJSON.a; sourceTree = BUILT_PRODUCTS_DIR; };
		FB0670161FCFBBCD002A10A0 /* EonilJSON_iOS.h */ = {isa = PBXFileReference; lastKnownFileType = sourcecode.c.h; path = EonilJSON_iOS.h; sourceTree = "<group>"; };
		FB0670171FCFBBCD002A10A0 /* EonilJSON_iOS.m */ = {isa = PBXFileReference; lastKnownFileType = sourcecode.c.objc; path = EonilJSON_iOS.m; sourceTree = "<group>"; };
		FB0670221FCFBBD9002A10A0 /* libEonilJSON.a */ = {isa = PBXFileReference; explicitFileType = archive.ar; includeInIndex = 0; path = libEonilJSON.a; sourceTree = BUILT_PRODUCTS_DIR; };
		FB0670241FCFBBD9002A10A0 /* EonilJSON_macOS.h */ = {isa = PBXFileReference; lastKnownFileType = sourcecode.c.h; path = EonilJSON_macOS.h; sourceTree = "<group>"; };
		FB0670261FCFBBD9002A10A0 /* EonilJSON_macOS.m */ = {isa = PBXFileReference; lastKnownFileType = sourcecode.c.objc; path = EonilJSON_macOS.m; sourceTree = "<group>"; };
/* End PBXFileReference section */

/* Begin PBXFrameworksBuildPhase section */
		451C946A1D0451D800C5F640 /* Frameworks */ = {
			isa = PBXFrameworksBuildPhase;
			buildActionMask = 2147483647;
			files = (
				FB0670351FCFBC13002A10A0 /* libEonilJSON.a in Frameworks */,
			);
			runOnlyForDeploymentPostprocessing = 0;
		};
		451C948D1D04595400C5F640 /* Frameworks */ = {
			isa = PBXFrameworksBuildPhase;
			buildActionMask = 2147483647;
			files = (
				FB0670361FCFBC16002A10A0 /* libEonilJSON.a in Frameworks */,
			);
			runOnlyForDeploymentPostprocessing = 0;
		};
		FB0670111FCFBBCC002A10A0 /* Frameworks */ = {
			isa = PBXFrameworksBuildPhase;
			buildActionMask = 2147483647;
			files = (
			);
			runOnlyForDeploymentPostprocessing = 0;
		};
		FB06701F1FCFBBD9002A10A0 /* Frameworks */ = {
			isa = PBXFrameworksBuildPhase;
			buildActionMask = 2147483647;
			files = (
			);
			runOnlyForDeploymentPostprocessing = 0;
		};
/* End PBXFrameworksBuildPhase section */

/* Begin PBXGroup section */
		451C944A1D044ABD00C5F640 = {
			isa = PBXGroup;
			children = (
				451C94781D04555200C5F640 /* README.md */,
				451C94561D044ABD00C5F640 /* Sources */,
				451C946E1D0451D800C5F640 /* Tests */,
				FB0670151FCFBBCD002A10A0 /* EonilJSON-iOS */,
				FB0670231FCFBBD9002A10A0 /* EonilJSON-macOS */,
				451C94551D044ABD00C5F640 /* Products */,
				FB0670341FCFBC13002A10A0 /* Frameworks */,
			);
			sourceTree = "<group>";
		};
		451C94551D044ABD00C5F640 /* Products */ = {
			isa = PBXGroup;
			children = (
				451C946D1D0451D800C5F640 /* EonilJSON-iOS-Tests.xctest */,
				451C94901D04595400C5F640 /* EonilJSON-OSX-Tests.xctest */,
				FB0670141FCFBBCC002A10A0 /* libEonilJSON.a */,
				FB0670221FCFBBD9002A10A0 /* libEonilJSON.a */,
			);
			name = Products;
			sourceTree = "<group>";
		};
		451C94561D044ABD00C5F640 /* Sources */ = {
			isa = PBXGroup;
			children = (
				4517CF7F1E2B968800C43464 /* EonilJSON.h */,
				451C945F1D044AD200C5F640 /* JSON.swift */,
				451C94621D044AD200C5F640 /* JSONValue.swift */,
				451C94611D044AD200C5F640 /* JSONOperators.swift */,
				451C94601D044AD200C5F640 /* JSONError.swift */,
			);
			path = Sources;
			sourceTree = "<group>";
		};
		451C946E1D0451D800C5F640 /* Tests */ = {
			isa = PBXGroup;
			children = (
				4565F64A1DDF3EAD00D3AEAF /* AllTests */,
				451C94711D0451D800C5F640 /* Info.plist */,
			);
			path = Tests;
			sourceTree = "<group>";
		};
		4565F64A1DDF3EAD00D3AEAF /* AllTests */ = {
			isa = PBXGroup;
			children = (
				4565F64B1DDF3EAD00D3AEAF /* TestAll.swift */,
			);
			path = AllTests;
			sourceTree = "<group>";
		};
		FB0670151FCFBBCD002A10A0 /* EonilJSON-iOS */ = {
			isa = PBXGroup;
			children = (
				FB0670161FCFBBCD002A10A0 /* EonilJSON_iOS.h */,
				FB0670171FCFBBCD002A10A0 /* EonilJSON_iOS.m */,
			);
			path = "EonilJSON-iOS";
			sourceTree = "<group>";
		};
		FB0670231FCFBBD9002A10A0 /* EonilJSON-macOS */ = {
			isa = PBXGroup;
			children = (
				FB0670241FCFBBD9002A10A0 /* EonilJSON_macOS.h */,
				FB0670261FCFBBD9002A10A0 /* EonilJSON_macOS.m */,
			);
			path = "EonilJSON-macOS";
			sourceTree = "<group>";
		};
		FB0670341FCFBC13002A10A0 /* Frameworks */ = {
			isa = PBXGroup;
			children = (
			);
			name = Frameworks;
			sourceTree = "<group>";
		};
/* End PBXGroup section */

/* Begin PBXHeadersBuildPhase section */
		FB0670201FCFBBD9002A10A0 /* Headers */ = {
			isa = PBXHeadersBuildPhase;
			buildActionMask = 2147483647;
			files = (
				FB0670251FCFBBD9002A10A0 /* EonilJSON_macOS.h in Headers */,
			);
			runOnlyForDeploymentPostprocessing = 0;
		};
/* End PBXHeadersBuildPhase section */

/* Begin PBXNativeTarget section */
		451C946C1D0451D800C5F640 /* EonilJSON-iOS-Tests */ = {
			isa = PBXNativeTarget;
			buildConfigurationList = 451C94751D0451D800C5F640 /* Build configuration list for PBXNativeTarget "EonilJSON-iOS-Tests" */;
			buildPhases = (
				451C94691D0451D800C5F640 /* Sources */,
				451C946A1D0451D800C5F640 /* Frameworks */,
				451C946B1D0451D800C5F640 /* Resources */,
			);
			buildRules = (
			);
			dependencies = (
			);
			name = "EonilJSON-iOS-Tests";
			productName = EonilJSONTests;
			productReference = 451C946D1D0451D800C5F640 /* EonilJSON-iOS-Tests.xctest */;
			productType = "com.apple.product-type.bundle.unit-test";
		};
		451C948F1D04595400C5F640 /* EonilJSON-OSX-Tests */ = {
			isa = PBXNativeTarget;
			buildConfigurationList = 451C94981D04595400C5F640 /* Build configuration list for PBXNativeTarget "EonilJSON-OSX-Tests" */;
			buildPhases = (
				451C948C1D04595400C5F640 /* Sources */,
				451C948D1D04595400C5F640 /* Frameworks */,
				451C948E1D04595400C5F640 /* Resources */,
			);
			buildRules = (
			);
			dependencies = (
			);
			name = "EonilJSON-OSX-Tests";
			productName = "EonilJSON-OSX-Tests";
			productReference = 451C94901D04595400C5F640 /* EonilJSON-OSX-Tests.xctest */;
			productType = "com.apple.product-type.bundle.unit-test";
		};
		FB0670131FCFBBCC002A10A0 /* EonilJSON-iOS */ = {
			isa = PBXNativeTarget;
			buildConfigurationList = FB06701A1FCFBBCD002A10A0 /* Build configuration list for PBXNativeTarget "EonilJSON-iOS" */;
			buildPhases = (
				FB0670101FCFBBCC002A10A0 /* Sources */,
				FB0670111FCFBBCC002A10A0 /* Frameworks */,
				FB0670121FCFBBCC002A10A0 /* CopyFiles */,
			);
			buildRules = (
			);
			dependencies = (
			);
			name = "EonilJSON-iOS";
			productName = "EonilJSON-iOS";
			productReference = FB0670141FCFBBCC002A10A0 /* libEonilJSON.a */;
			productType = "com.apple.product-type.library.static";
		};
		FB0670211FCFBBD9002A10A0 /* EonilJSON-macOS */ = {
			isa = PBXNativeTarget;
			buildConfigurationList = FB0670281FCFBBD9002A10A0 /* Build configuration list for PBXNativeTarget "EonilJSON-macOS" */;
			buildPhases = (
				FB06701E1FCFBBD9002A10A0 /* Sources */,
				FB06701F1FCFBBD9002A10A0 /* Frameworks */,
				FB0670201FCFBBD9002A10A0 /* Headers */,
			);
			buildRules = (
			);
			dependencies = (
			);
			name = "EonilJSON-macOS";
			productName = "EonilJSON-macOS";
			productReference = FB0670221FCFBBD9002A10A0 /* libEonilJSON.a */;
			productType = "com.apple.product-type.library.static";
		};
/* End PBXNativeTarget section */

/* Begin PBXProject section */
		451C944B1D044ABD00C5F640 /* Project object */ = {
			isa = PBXProject;
			attributes = {
				LastSwiftUpdateCheck = 0820;
				LastUpgradeCheck = 0810;
				ORGANIZATIONNAME = Eonil;
				TargetAttributes = {
					451C946C1D0451D800C5F640 = {
						CreatedOnToolsVersion = 7.3.1;
						LastSwiftMigration = 0810;
					};
					451C948F1D04595400C5F640 = {
						CreatedOnToolsVersion = 7.3.1;
					};
					FB0670131FCFBBCC002A10A0 = {
						CreatedOnToolsVersion = 9.1;
						DevelopmentTeam = 7PZ7AG6K6T;
						ProvisioningStyle = Automatic;
					};
					FB0670211FCFBBD9002A10A0 = {
						CreatedOnToolsVersion = 9.1;
						DevelopmentTeam = 7PZ7AG6K6T;
						ProvisioningStyle = Automatic;
					};
				};
			};
			buildConfigurationList = 451C944E1D044ABD00C5F640 /* Build configuration list for PBXProject "EonilJSON" */;
			compatibilityVersion = "Xcode 3.2";
			developmentRegion = English;
			hasScannedForEncodings = 0;
			knownRegions = (
				en,
				Base,
			);
			mainGroup = 451C944A1D044ABD00C5F640;
			productRefGroup = 451C94551D044ABD00C5F640 /* Products */;
			projectDirPath = "";
			projectRoot = "";
			targets = (
				451C946C1D0451D800C5F640 /* EonilJSON-iOS-Tests */,
				451C948F1D04595400C5F640 /* EonilJSON-OSX-Tests */,
				FB0670131FCFBBCC002A10A0 /* EonilJSON-iOS */,
				FB0670211FCFBBD9002A10A0 /* EonilJSON-macOS */,
			);
		};
/* End PBXProject section */

/* Begin PBXResourcesBuildPhase section */
		451C946B1D0451D800C5F640 /* Resources */ = {
			isa = PBXResourcesBuildPhase;
			buildActionMask = 2147483647;
			files = (
			);
			runOnlyForDeploymentPostprocessing = 0;
		};
		451C948E1D04595400C5F640 /* Resources */ = {
			isa = PBXResourcesBuildPhase;
			buildActionMask = 2147483647;
			files = (
			);
			runOnlyForDeploymentPostprocessing = 0;
		};
/* End PBXResourcesBuildPhase section */

/* Begin PBXSourcesBuildPhase section */
		451C94691D0451D800C5F640 /* Sources */ = {
			isa = PBXSourcesBuildPhase;
			buildActionMask = 2147483647;
			files = (
				4565F64C1DDF3EAD00D3AEAF /* TestAll.swift in Sources */,
			);
			runOnlyForDeploymentPostprocessing = 0;
		};
		451C948C1D04595400C5F640 /* Sources */ = {
			isa = PBXSourcesBuildPhase;
			buildActionMask = 2147483647;
			files = (
				4565F64D1DDF3EAD00D3AEAF /* TestAll.swift in Sources */,
			);
			runOnlyForDeploymentPostprocessing = 0;
		};
		FB0670101FCFBBCC002A10A0 /* Sources */ = {
			isa = PBXSourcesBuildPhase;
			buildActionMask = 2147483647;
			files = (
				FB0670331FCFBBE1002A10A0 /* JSONError.swift in Sources */,
				FB0670311FCFBBE1002A10A0 /* JSONValue.swift in Sources */,
				FB0670181FCFBBCD002A10A0 /* EonilJSON_iOS.m in Sources */,
				FB0670301FCFBBE1002A10A0 /* JSON.swift in Sources */,
				FB0670321FCFBBE1002A10A0 /* JSONOperators.swift in Sources */,
			);
			runOnlyForDeploymentPostprocessing = 0;
		};
		FB06701E1FCFBBD9002A10A0 /* Sources */ = {
			isa = PBXSourcesBuildPhase;
			buildActionMask = 2147483647;
			files = (
				FB06702F1FCFBBE1002A10A0 /* JSONError.swift in Sources */,
				FB06702D1FCFBBE1002A10A0 /* JSONValue.swift in Sources */,
				FB0670271FCFBBD9002A10A0 /* EonilJSON_macOS.m in Sources */,
				FB06702C1FCFBBE1002A10A0 /* JSON.swift in Sources */,
				FB06702E1FCFBBE1002A10A0 /* JSONOperators.swift in Sources */,
			);
			runOnlyForDeploymentPostprocessing = 0;
		};
/* End PBXSourcesBuildPhase section */

/* Begin XCBuildConfiguration section */
		451C945A1D044ABD00C5F640 /* Debug */ = {
			isa = XCBuildConfiguration;
			buildSettings = {
				ALWAYS_SEARCH_USER_PATHS = NO;
				CLANG_ANALYZER_NONNULL = YES;
				CLANG_CXX_LANGUAGE_STANDARD = "gnu++0x";
				CLANG_CXX_LIBRARY = "libc++";
				CLANG_ENABLE_MODULES = YES;
				CLANG_ENABLE_OBJC_ARC = YES;
				CLANG_WARN_BOOL_CONVERSION = YES;
				CLANG_WARN_CONSTANT_CONVERSION = YES;
				CLANG_WARN_DIRECT_OBJC_ISA_USAGE = YES_ERROR;
				CLANG_WARN_EMPTY_BODY = YES;
				CLANG_WARN_ENUM_CONVERSION = YES;
				CLANG_WARN_INFINITE_RECURSION = YES;
				CLANG_WARN_INT_CONVERSION = YES;
				CLANG_WARN_OBJC_ROOT_CLASS = YES_ERROR;
				CLANG_WARN_SUSPICIOUS_MOVE = YES;
				CLANG_WARN_UNREACHABLE_CODE = YES;
				CLANG_WARN__DUPLICATE_METHOD_MATCH = YES;
				"CODE_SIGN_IDENTITY[sdk=iphoneos*]" = "iPhone Developer";
				COPY_PHASE_STRIP = NO;
				CURRENT_PROJECT_VERSION = 1;
				DEBUG_INFORMATION_FORMAT = dwarf;
				ENABLE_STRICT_OBJC_MSGSEND = YES;
				ENABLE_TESTABILITY = YES;
				GCC_C_LANGUAGE_STANDARD = gnu99;
				GCC_DYNAMIC_NO_PIC = NO;
				GCC_NO_COMMON_BLOCKS = YES;
				GCC_OPTIMIZATION_LEVEL = 0;
				GCC_PREPROCESSOR_DEFINITIONS = (
					"DEBUG=1",
					"$(inherited)",
				);
				GCC_WARN_64_TO_32_BIT_CONVERSION = YES;
				GCC_WARN_ABOUT_RETURN_TYPE = YES_ERROR;
				GCC_WARN_UNDECLARED_SELECTOR = YES;
				GCC_WARN_UNINITIALIZED_AUTOS = YES_AGGRESSIVE;
				GCC_WARN_UNUSED_FUNCTION = YES;
				GCC_WARN_UNUSED_VARIABLE = YES;
				IPHONEOS_DEPLOYMENT_TARGET = 10.0;
				MACOSX_DEPLOYMENT_TARGET = 10.13;
				MTL_ENABLE_DEBUG_INFO = YES;
				ONLY_ACTIVE_ARCH = YES;
				PRODUCT_BUNDLE_IDENTIFIER = Eonil.JSON;
				PRODUCT_NAME = "$(PROJECT_NAME)";
				SDKROOT = iphoneos;
				SWIFT_OPTIMIZATION_LEVEL = "-Onone";
				SWIFT_VERSION = 3.0;
				TARGETED_DEVICE_FAMILY = "1,2";
				VERSIONING_SYSTEM = "apple-generic";
				VERSION_INFO_PREFIX = "";
			};
			name = Debug;
		};
		451C945B1D044ABD00C5F640 /* Release */ = {
			isa = XCBuildConfiguration;
			buildSettings = {
				ALWAYS_SEARCH_USER_PATHS = NO;
				CLANG_ANALYZER_NONNULL = YES;
				CLANG_CXX_LANGUAGE_STANDARD = "gnu++0x";
				CLANG_CXX_LIBRARY = "libc++";
				CLANG_ENABLE_MODULES = YES;
				CLANG_ENABLE_OBJC_ARC = YES;
				CLANG_WARN_BOOL_CONVERSION = YES;
				CLANG_WARN_CONSTANT_CONVERSION = YES;
				CLANG_WARN_DIRECT_OBJC_ISA_USAGE = YES_ERROR;
				CLANG_WARN_EMPTY_BODY = YES;
				CLANG_WARN_ENUM_CONVERSION = YES;
				CLANG_WARN_INFINITE_RECURSION = YES;
				CLANG_WARN_INT_CONVERSION = YES;
				CLANG_WARN_OBJC_ROOT_CLASS = YES_ERROR;
				CLANG_WARN_SUSPICIOUS_MOVE = YES;
				CLANG_WARN_UNREACHABLE_CODE = YES;
				CLANG_WARN__DUPLICATE_METHOD_MATCH = YES;
				"CODE_SIGN_IDENTITY[sdk=iphoneos*]" = "iPhone Developer";
				COPY_PHASE_STRIP = NO;
				CURRENT_PROJECT_VERSION = 1;
				DEBUG_INFORMATION_FORMAT = "dwarf-with-dsym";
				ENABLE_NS_ASSERTIONS = NO;
				ENABLE_STRICT_OBJC_MSGSEND = YES;
				GCC_C_LANGUAGE_STANDARD = gnu99;
				GCC_NO_COMMON_BLOCKS = YES;
				GCC_WARN_64_TO_32_BIT_CONVERSION = YES;
				GCC_WARN_ABOUT_RETURN_TYPE = YES_ERROR;
				GCC_WARN_UNDECLARED_SELECTOR = YES;
				GCC_WARN_UNINITIALIZED_AUTOS = YES_AGGRESSIVE;
				GCC_WARN_UNUSED_FUNCTION = YES;
				GCC_WARN_UNUSED_VARIABLE = YES;
				IPHONEOS_DEPLOYMENT_TARGET = 10.0;
				MACOSX_DEPLOYMENT_TARGET = 10.13;
				MTL_ENABLE_DEBUG_INFO = NO;
				PRODUCT_BUNDLE_IDENTIFIER = Eonil.JSON;
				PRODUCT_NAME = "$(PROJECT_NAME)";
				SDKROOT = iphoneos;
				SWIFT_OPTIMIZATION_LEVEL = "-Owholemodule";
				SWIFT_VERSION = 3.0;
				TARGETED_DEVICE_FAMILY = "1,2";
				VALIDATE_PRODUCT = YES;
				VERSIONING_SYSTEM = "apple-generic";
				VERSION_INFO_PREFIX = "";
			};
			name = Release;
		};
		451C94761D0451D800C5F640 /* Debug */ = {
			isa = XCBuildConfiguration;
			buildSettings = {
				INFOPLIST_FILE = Tests/Info.plist;
				LD_RUNPATH_SEARCH_PATHS = "$(inherited) @executable_path/Frameworks @loader_path/Frameworks";
				PRODUCT_BUNDLE_IDENTIFIER = Eonil.JSON.Tests;
				PRODUCT_NAME = "$(TARGET_NAME)";
			};
			name = Debug;
		};
		451C94771D0451D800C5F640 /* Release */ = {
			isa = XCBuildConfiguration;
			buildSettings = {
				INFOPLIST_FILE = Tests/Info.plist;
				LD_RUNPATH_SEARCH_PATHS = "$(inherited) @executable_path/Frameworks @loader_path/Frameworks";
				PRODUCT_BUNDLE_IDENTIFIER = Eonil.JSON.Tests;
				PRODUCT_NAME = "$(TARGET_NAME)";
			};
			name = Release;
		};
		451C94991D04595400C5F640 /* Debug */ = {
			isa = XCBuildConfiguration;
			buildSettings = {
				CODE_SIGN_IDENTITY = "-";
				COMBINE_HIDPI_IMAGES = YES;
				INFOPLIST_FILE = Tests/Info.plist;
				LD_RUNPATH_SEARCH_PATHS = "$(inherited) @executable_path/../Frameworks @loader_path/../Frameworks";
				MACOSX_DEPLOYMENT_TARGET = 10.11;
				PRODUCT_BUNDLE_IDENTIFIER = Eonil.JSON.Tests;
				PRODUCT_NAME = "$(TARGET_NAME)";
				SDKROOT = macosx;
			};
			name = Debug;
		};
		451C949A1D04595400C5F640 /* Release */ = {
			isa = XCBuildConfiguration;
			buildSettings = {
				CODE_SIGN_IDENTITY = "-";
				COMBINE_HIDPI_IMAGES = YES;
				INFOPLIST_FILE = Tests/Info.plist;
				LD_RUNPATH_SEARCH_PATHS = "$(inherited) @executable_path/../Frameworks @loader_path/../Frameworks";
				MACOSX_DEPLOYMENT_TARGET = 10.11;
				PRODUCT_BUNDLE_IDENTIFIER = Eonil.JSON.Tests;
				PRODUCT_NAME = "$(TARGET_NAME)";
				SDKROOT = macosx;
			};
			name = Release;
		};
		FB06701B1FCFBBCD002A10A0 /* Debug */ = {
			isa = XCBuildConfiguration;
			buildSettings = {
				CLANG_ANALYZER_NUMBER_OBJECT_CONVERSION = YES_AGGRESSIVE;
				CLANG_CXX_LANGUAGE_STANDARD = "gnu++14";
				CLANG_WARN_BLOCK_CAPTURE_AUTORELEASING = YES;
				CLANG_WARN_COMMA = YES;
				CLANG_WARN_DOCUMENTATION_COMMENTS = YES;
				CLANG_WARN_NON_LITERAL_NULL_CONVERSION = YES;
				CLANG_WARN_OBJC_LITERAL_CONVERSION = YES;
				CLANG_WARN_RANGE_LOOP_ANALYSIS = YES;
				CLANG_WARN_STRICT_PROTOTYPES = YES;
				CLANG_WARN_UNGUARDED_AVAILABILITY = YES_AGGRESSIVE;
				CODE_SIGN_IDENTITY = "iPhone Developer";
				CODE_SIGN_STYLE = Automatic;
				DEVELOPMENT_TEAM = 7PZ7AG6K6T;
				GCC_C_LANGUAGE_STANDARD = gnu11;
				IPHONEOS_DEPLOYMENT_TARGET = 11.1;
				OTHER_LDFLAGS = "-ObjC";
				SKIP_INSTALL = YES;
				TARGETED_DEVICE_FAMILY = "1,2";
			};
			name = Debug;
		};
		FB06701C1FCFBBCD002A10A0 /* Release */ = {
			isa = XCBuildConfiguration;
			buildSettings = {
				CLANG_ANALYZER_NUMBER_OBJECT_CONVERSION = YES_AGGRESSIVE;
				CLANG_CXX_LANGUAGE_STANDARD = "gnu++14";
				CLANG_WARN_BLOCK_CAPTURE_AUTORELEASING = YES;
				CLANG_WARN_COMMA = YES;
				CLANG_WARN_DOCUMENTATION_COMMENTS = YES;
				CLANG_WARN_NON_LITERAL_NULL_CONVERSION = YES;
				CLANG_WARN_OBJC_LITERAL_CONVERSION = YES;
				CLANG_WARN_RANGE_LOOP_ANALYSIS = YES;
				CLANG_WARN_STRICT_PROTOTYPES = YES;
				CLANG_WARN_UNGUARDED_AVAILABILITY = YES_AGGRESSIVE;
				CODE_SIGN_IDENTITY = "iPhone Developer";
				CODE_SIGN_STYLE = Automatic;
				DEVELOPMENT_TEAM = 7PZ7AG6K6T;
				GCC_C_LANGUAGE_STANDARD = gnu11;
				IPHONEOS_DEPLOYMENT_TARGET = 11.1;
				OTHER_LDFLAGS = "-ObjC";
				SKIP_INSTALL = YES;
				TARGETED_DEVICE_FAMILY = "1,2";
			};
			name = Release;
		};
		FB06701D1FCFBBCD002A10A0 /* QA */ = {
			isa = XCBuildConfiguration;
			buildSettings = {
				CLANG_ANALYZER_NUMBER_OBJECT_CONVERSION = YES_AGGRESSIVE;
				CLANG_CXX_LANGUAGE_STANDARD = "gnu++14";
				CLANG_WARN_BLOCK_CAPTURE_AUTORELEASING = YES;
				CLANG_WARN_COMMA = YES;
				CLANG_WARN_DOCUMENTATION_COMMENTS = YES;
				CLANG_WARN_NON_LITERAL_NULL_CONVERSION = YES;
				CLANG_WARN_OBJC_LITERAL_CONVERSION = YES;
				CLANG_WARN_RANGE_LOOP_ANALYSIS = YES;
				CLANG_WARN_STRICT_PROTOTYPES = YES;
				CLANG_WARN_UNGUARDED_AVAILABILITY = YES_AGGRESSIVE;
				CODE_SIGN_IDENTITY = "iPhone Developer";
				CODE_SIGN_STYLE = Automatic;
				DEVELOPMENT_TEAM = 7PZ7AG6K6T;
				GCC_C_LANGUAGE_STANDARD = gnu11;
				IPHONEOS_DEPLOYMENT_TARGET = 11.1;
				OTHER_LDFLAGS = "-ObjC";
				SKIP_INSTALL = YES;
				TARGETED_DEVICE_FAMILY = "1,2";
			};
			name = QA;
		};
		FB0670291FCFBBD9002A10A0 /* Debug */ = {
			isa = XCBuildConfiguration;
			buildSettings = {
				CLANG_ANALYZER_NUMBER_OBJECT_CONVERSION = YES_AGGRESSIVE;
				CLANG_CXX_LANGUAGE_STANDARD = "gnu++14";
				CLANG_WARN_BLOCK_CAPTURE_AUTORELEASING = YES;
				CLANG_WARN_COMMA = YES;
				CLANG_WARN_DOCUMENTATION_COMMENTS = YES;
				CLANG_WARN_NON_LITERAL_NULL_CONVERSION = YES;
				CLANG_WARN_OBJC_LITERAL_CONVERSION = YES;
				CLANG_WARN_RANGE_LOOP_ANALYSIS = YES;
				CLANG_WARN_STRICT_PROTOTYPES = YES;
				CLANG_WARN_UNGUARDED_AVAILABILITY = YES_AGGRESSIVE;
				CODE_SIGN_IDENTITY = "Mac Developer";
				CODE_SIGN_STYLE = Automatic;
				DEVELOPMENT_TEAM = 7PZ7AG6K6T;
				EXECUTABLE_PREFIX = lib;
				GCC_C_LANGUAGE_STANDARD = gnu11;
				MACOSX_DEPLOYMENT_TARGET = 10.13;
				SDKROOT = macosx;
			};
			name = Debug;
		};
		FB06702A1FCFBBD9002A10A0 /* Release */ = {
			isa = XCBuildConfiguration;
			buildSettings = {
				CLANG_ANALYZER_NUMBER_OBJECT_CONVERSION = YES_AGGRESSIVE;
				CLANG_CXX_LANGUAGE_STANDARD = "gnu++14";
				CLANG_WARN_BLOCK_CAPTURE_AUTORELEASING = YES;
				CLANG_WARN_COMMA = YES;
				CLANG_WARN_DOCUMENTATION_COMMENTS = YES;
				CLANG_WARN_NON_LITERAL_NULL_CONVERSION = YES;
				CLANG_WARN_OBJC_LITERAL_CONVERSION = YES;
				CLANG_WARN_RANGE_LOOP_ANALYSIS = YES;
				CLANG_WARN_STRICT_PROTOTYPES = YES;
				CLANG_WARN_UNGUARDED_AVAILABILITY = YES_AGGRESSIVE;
				CODE_SIGN_IDENTITY = "Mac Developer";
				CODE_SIGN_STYLE = Automatic;
				DEVELOPMENT_TEAM = 7PZ7AG6K6T;
				EXECUTABLE_PREFIX = lib;
				GCC_C_LANGUAGE_STANDARD = gnu11;
				MACOSX_DEPLOYMENT_TARGET = 10.13;
				SDKROOT = macosx;
			};
			name = Release;
		};
		FB06702B1FCFBBD9002A10A0 /* QA */ = {
			isa = XCBuildConfiguration;
			buildSettings = {
				CLANG_ANALYZER_NUMBER_OBJECT_CONVERSION = YES_AGGRESSIVE;
				CLANG_CXX_LANGUAGE_STANDARD = "gnu++14";
				CLANG_WARN_BLOCK_CAPTURE_AUTORELEASING = YES;
				CLANG_WARN_COMMA = YES;
				CLANG_WARN_DOCUMENTATION_COMMENTS = YES;
				CLANG_WARN_NON_LITERAL_NULL_CONVERSION = YES;
				CLANG_WARN_OBJC_LITERAL_CONVERSION = YES;
				CLANG_WARN_RANGE_LOOP_ANALYSIS = YES;
				CLANG_WARN_STRICT_PROTOTYPES = YES;
				CLANG_WARN_UNGUARDED_AVAILABILITY = YES_AGGRESSIVE;
				CODE_SIGN_IDENTITY = "Mac Developer";
				CODE_SIGN_STYLE = Automatic;
				DEVELOPMENT_TEAM = 7PZ7AG6K6T;
				EXECUTABLE_PREFIX = lib;
				GCC_C_LANGUAGE_STANDARD = gnu11;
				MACOSX_DEPLOYMENT_TARGET = 10.13;
				SDKROOT = macosx;
			};
			name = QA;
		};
		FBA3D0551F04E771007F1BAE /* QA */ = {
			isa = XCBuildConfiguration;
			buildSettings = {
				ALWAYS_SEARCH_USER_PATHS = NO;
				CLANG_ANALYZER_NONNULL = YES;
				CLANG_CXX_LANGUAGE_STANDARD = "gnu++0x";
				CLANG_CXX_LIBRARY = "libc++";
				CLANG_ENABLE_MODULES = YES;
				CLANG_ENABLE_OBJC_ARC = YES;
				CLANG_WARN_BOOL_CONVERSION = YES;
				CLANG_WARN_CONSTANT_CONVERSION = YES;
				CLANG_WARN_DIRECT_OBJC_ISA_USAGE = YES_ERROR;
				CLANG_WARN_EMPTY_BODY = YES;
				CLANG_WARN_ENUM_CONVERSION = YES;
				CLANG_WARN_INFINITE_RECURSION = YES;
				CLANG_WARN_INT_CONVERSION = YES;
				CLANG_WARN_OBJC_ROOT_CLASS = YES_ERROR;
				CLANG_WARN_SUSPICIOUS_MOVE = YES;
				CLANG_WARN_UNREACHABLE_CODE = YES;
				CLANG_WARN__DUPLICATE_METHOD_MATCH = YES;
				"CODE_SIGN_IDENTITY[sdk=iphoneos*]" = "iPhone Developer";
				COPY_PHASE_STRIP = NO;
				CURRENT_PROJECT_VERSION = 1;
				DEBUG_INFORMATION_FORMAT = "dwarf-with-dsym";
				ENABLE_NS_ASSERTIONS = NO;
				ENABLE_STRICT_OBJC_MSGSEND = YES;
				GCC_C_LANGUAGE_STANDARD = gnu99;
				GCC_NO_COMMON_BLOCKS = YES;
				GCC_WARN_64_TO_32_BIT_CONVERSION = YES;
				GCC_WARN_ABOUT_RETURN_TYPE = YES_ERROR;
				GCC_WARN_UNDECLARED_SELECTOR = YES;
				GCC_WARN_UNINITIALIZED_AUTOS = YES_AGGRESSIVE;
				GCC_WARN_UNUSED_FUNCTION = YES;
				GCC_WARN_UNUSED_VARIABLE = YES;
				IPHONEOS_DEPLOYMENT_TARGET = 10.0;
				MACOSX_DEPLOYMENT_TARGET = 10.13;
				MTL_ENABLE_DEBUG_INFO = NO;
				PRODUCT_BUNDLE_IDENTIFIER = Eonil.JSON;
				PRODUCT_NAME = "$(PROJECT_NAME)";
				SDKROOT = iphoneos;
				SWIFT_OPTIMIZATION_LEVEL = "-Owholemodule";
				SWIFT_VERSION = 3.0;
				TARGETED_DEVICE_FAMILY = "1,2";
				VALIDATE_PRODUCT = YES;
				VERSIONING_SYSTEM = "apple-generic";
				VERSION_INFO_PREFIX = "";
			};
			name = QA;
		};
		FBA3D0571F04E771007F1BAE /* QA */ = {
			isa = XCBuildConfiguration;
			buildSettings = {
				INFOPLIST_FILE = Tests/Info.plist;
				LD_RUNPATH_SEARCH_PATHS = "$(inherited) @executable_path/Frameworks @loader_path/Frameworks";
				PRODUCT_BUNDLE_IDENTIFIER = Eonil.JSON.Tests;
				PRODUCT_NAME = "$(TARGET_NAME)";
			};
			name = QA;
		};
		FBA3D0591F04E771007F1BAE /* QA */ = {
			isa = XCBuildConfiguration;
			buildSettings = {
				CODE_SIGN_IDENTITY = "-";
				COMBINE_HIDPI_IMAGES = YES;
				INFOPLIST_FILE = Tests/Info.plist;
				LD_RUNPATH_SEARCH_PATHS = "$(inherited) @executable_path/../Frameworks @loader_path/../Frameworks";
				MACOSX_DEPLOYMENT_TARGET = 10.11;
				PRODUCT_BUNDLE_IDENTIFIER = Eonil.JSON.Tests;
				PRODUCT_NAME = "$(TARGET_NAME)";
				SDKROOT = macosx;
			};
			name = QA;
		};
/* End XCBuildConfiguration section */

/* Begin XCConfigurationList section */
		451C944E1D044ABD00C5F640 /* Build configuration list for PBXProject "EonilJSON" */ = {
			isa = XCConfigurationList;
			buildConfigurations = (
				451C945A1D044ABD00C5F640 /* Debug */,
				451C945B1D044ABD00C5F640 /* Release */,
				FBA3D0551F04E771007F1BAE /* QA */,
			);
			defaultConfigurationIsVisible = 0;
			defaultConfigurationName = Release;
		};
		451C94751D0451D800C5F640 /* Build configuration list for PBXNativeTarget "EonilJSON-iOS-Tests" */ = {
			isa = XCConfigurationList;
			buildConfigurations = (
				451C94761D0451D800C5F640 /* Debug */,
				451C94771D0451D800C5F640 /* Release */,
				FBA3D0571F04E771007F1BAE /* QA */,
			);
			defaultConfigurationIsVisible = 0;
			defaultConfigurationName = Release;
		};
		451C94981D04595400C5F640 /* Build configuration list for PBXNativeTarget "EonilJSON-OSX-Tests" */ = {
			isa = XCConfigurationList;
			buildConfigurations = (
				451C94991D04595400C5F640 /* Debug */,
				451C949A1D04595400C5F640 /* Release */,
				FBA3D0591F04E771007F1BAE /* QA */,
			);
			defaultConfigurationIsVisible = 0;
			defaultConfigurationName = Release;
		};
		FB06701A1FCFBBCD002A10A0 /* Build configuration list for PBXNativeTarget "EonilJSON-iOS" */ = {
			isa = XCConfigurationList;
			buildConfigurations = (
				FB06701B1FCFBBCD002A10A0 /* Debug */,
				FB06701C1FCFBBCD002A10A0 /* Release */,
				FB06701D1FCFBBCD002A10A0 /* QA */,
			);
			defaultConfigurationIsVisible = 0;
			defaultConfigurationName = Release;
		};
		FB0670281FCFBBD9002A10A0 /* Build configuration list for PBXNativeTarget "EonilJSON-macOS" */ = {
			isa = XCConfigurationList;
			buildConfigurations = (
				FB0670291FCFBBD9002A10A0 /* Debug */,
				FB06702A1FCFBBD9002A10A0 /* Release */,
				FB06702B1FCFBBD9002A10A0 /* QA */,
			);
			defaultConfigurationIsVisible = 0;
			defaultConfigurationName = Release;
		};
/* End XCConfigurationList section */
	};
	rootObject = 451C944B1D044ABD00C5F640 /* Project object */;
}
